
Microsoft Visual Studio Solution File, Format Version 12.00
# Visual Studio Version 18
VisualStudioVersion = 18.3.11527.330
MinimumVisualStudioVersion = 10.0.40219.1
Project("{2150E333-8FDC-42A3-9474-1A3956D46DE8}") = "src", "src", "{827E0CD3-B72D-47B6-A68D-7590B98EB39B}"
EndProject
Project("{2150E333-8FDC-42A3-9474-1A3956D46DE8}") = "tests", "tests", "{0AB3BF05-4346-4AA6-1389-037BE0695223}"
EndProject
Project("{FAE04EC0-301F-11D3-BF4B-00C04F79EFBC}") = "AFH.Location.Application", "src\AFH.Location.Application\AFH.Location.Application.csproj", "{3E8A5ADF-7BAB-76F1-5C32-6C9696C8B949}"
EndProject
Project("{FAE04EC0-301F-11D3-BF4B-00C04F79EFBC}") = "AFH.Location.Contract", "src\AFH.Location.Contract\AFH.Location.Contract.csproj", "{B99AD572-C205-0DF6-CE0F-94B0135EEFD6}"
EndProject
Project("{FAE04EC0-301F-11D3-BF4B-00C04F79EFBC}") = "AFH.Location.Domain", "src\AFH.Location.Domain\AFH.Location.Domain.csproj", "{99F57475-41F5-1C88-5E37-A38BFED0B1B0}"
EndProject
Project("{FAE04EC0-301F-11D3-BF4B-00C04F79EFBC}") = "AFH.Location.Infrastructure", "src\AFH.Location.Infrastructure\AFH.Location.Infrastructure.csproj", "{C7F3C0A3-A14E-234C-B38C-6427C298AB02}"
EndProject
Project("{FAE04EC0-301F-11D3-BF4B-00C04F79EFBC}") = "AFH.Location.Tests", "tests\AFH.Location.Tests\AFH.Location.Tests.csproj", "{3D4A5D94-8711-4747-77A7-117E7AC5C60E}"
EndProject
Project("{FAE04EC0-301F-11D3-BF4B-00C04F79EFBC}") = "AFH.Location.Function", "src\AFH.Location.Function\AFH.Location.Function.csproj", "{A73EF228-F30C-B230-4599-3C273BD3E8FB}"
EndProject
Project("{FAE04EC0-301F-11D3-BF4B-00C04F79EFBC}") = "AFH.Adviser.Domain", "src\AFH.Adviser.Domain\AFH.Adviser.Domain.csproj", "{4EA0680E-3EF3-4EAA-8427-99077D92B2C9}"
EndProject
Project("{FAE04EC0-301F-11D3-BF4B-00C04F79EFBC}") = "AFH.Adviser.Application", "src\AFH.Adviser.Application\AFH.Adviser.Application.csproj", "{8B779CFE-C4A2-452E-8834-6DF08BF3815B}"
EndProject
Project("{FAE04EC0-301F-11D3-BF4B-00C04F79EFBC}") = "AFH.Adviser.Infrastructure", "src\AFH.Adviser.Infrastructure\AFH.Adviser.Infrastructure.csproj", "{E1A830A5-9EDB-4203-B4EB-C3CF290775DF}"
EndProject
Project("{FAE04EC0-301F-11D3-BF4B-00C04F79EFBC}") = "AFH.Adviser.Contract", "src\AFH.Adviser.Contract\AFH.Adviser.Contract.csproj", "{A498B604-95EB-4CF7-BA4B-991DF732570F}"
EndProject
Project("{FAE04EC0-301F-11D3-BF4B-00C04F79EFBC}") = "AFH.Adviser.Tests", "tests\AFH.Adviser.Tests\AFH.Adviser.Tests.csproj", "{47CDE35C-032F-4030-8E71-1F6DA0FD517F}"
EndProject
Project("{FAE04EC0-301F-11D3-BF4B-00C04F79EFBC}") = "AFH.Identity.Domain", "src\AFH.Identity.Domain\AFH.Identity.Domain.csproj", "{4C29422A-9CD1-4072-8B86-4BB74907EB7D}"
EndProject
Project("{FAE04EC0-301F-11D3-BF4B-00C04F79EFBC}") = "AFH.Identity.Application", "src\AFH.Identity.Application\AFH.Identity.Application.csproj", "{EC87066B-CD4F-4985-B3E9-217F729F6956}"
EndProject
Project("{FAE04EC0-301F-11D3-BF4B-00C04F79EFBC}") = "AFH.Identity.Contracts", "src\AFH.Identity.Contracts\AFH.Identity.Contracts.csproj", "{53846919-9CB2-474B-B73D-2172AA731E74}"
EndProject
Project("{FAE04EC0-301F-11D3-BF4B-00C04F79EFBC}") = "AFH.Identity.Infrastructure", "src\AFH.Identity.Infrastructure\AFH.Identity.Infrastructure.csproj", "{5E824703-EBCA-4D5B-82E7-B2753F407CDD}"
EndProject
Global
	GlobalSection(SolutionConfigurationPlatforms) = preSolution
		Debug|Any CPU = Debug|Any CPU
		Debug|x64 = Debug|x64
		Debug|x86 = Debug|x86
		Release|Any CPU = Release|Any CPU
		Release|x64 = Release|x64
		Release|x86 = Release|x86
	EndGlobalSection
	GlobalSection(ProjectConfigurationPlatforms) = postSolution
		{3E8A5ADF-7BAB-76F1-5C32-6C9696C8B949}.Debug|Any CPU.ActiveCfg = Debug|Any CPU
		{3E8A5ADF-7BAB-76F1-5C32-6C9696C8B949}.Debug|Any CPU.Build.0 = Debug|Any CPU
		{3E8A5ADF-7BAB-76F1-5C32-6C9696C8B949}.Debug|x64.ActiveCfg = Debug|Any CPU
		{3E8A5ADF-7BAB-76F1-5C32-6C9696C8B949}.Debug|x64.Build.0 = Debug|Any CPU
		{3E8A5ADF-7BAB-76F1-5C32-6C9696C8B949}.Debug|x86.ActiveCfg = Debug|Any CPU
		{3E8A5ADF-7BAB-76F1-5C32-6C9696C8B949}.Debug|x86.Build.0 = Debug|Any CPU
		{3E8A5ADF-7BAB-76F1-5C32-6C9696C8B949}.Release|Any CPU.ActiveCfg = Release|Any CPU
		{3E8A5ADF-7BAB-76F1-5C32-6C9696C8B949}.Release|Any CPU.Build.0 = Release|Any CPU
		{3E8A5ADF-7BAB-76F1-5C32-6C9696C8B949}.Release|x64.ActiveCfg = Release|Any CPU
		{3E8A5ADF-7BAB-76F1-5C32-6C9696C8B949}.Release|x64.Build.0 = Release|Any CPU
		{3E8A5ADF-7BAB-76F1-5C32-6C9696C8B949}.Release|x86.ActiveCfg = Release|Any CPU
		{3E8A5ADF-7BAB-76F1-5C32-6C9696C8B949}.Release|x86.Build.0 = Release|Any CPU
		{B99AD572-C205-0DF6-CE0F-94B0135EEFD6}.Debug|Any CPU.ActiveCfg = Debug|Any CPU
		{B99AD572-C205-0DF6-CE0F-94B0135EEFD6}.Debug|Any CPU.Build.0 = Debug|Any CPU
		{B99AD572-C205-0DF6-CE0F-94B0135EEFD6}.Debug|x64.ActiveCfg = Debug|Any CPU
		{B99AD572-C205-0DF6-CE0F-94B0135EEFD6}.Debug|x64.Build.0 = Debug|Any CPU
		{B99AD572-C205-0DF6-CE0F-94B0135EEFD6}.Debug|x86.ActiveCfg = Debug|Any CPU
		{B99AD572-C205-0DF6-CE0F-94B0135EEFD6}.Debug|x86.Build.0 = Debug|Any CPU
		{B99AD572-C205-0DF6-CE0F-94B0135EEFD6}.Release|Any CPU.ActiveCfg = Release|Any CPU
		{B99AD572-C205-0DF6-CE0F-94B0135EEFD6}.Release|Any CPU.Build.0 = Release|Any CPU
		{B99AD572-C205-0DF6-CE0F-94B0135EEFD6}.Release|x64.ActiveCfg = Release|Any CPU
		{B99AD572-C205-0DF6-CE0F-94B0135EEFD6}.Release|x64.Build.0 = Release|Any CPU
		{B99AD572-C205-0DF6-CE0F-94B0135EEFD6}.Release|x86.ActiveCfg = Release|Any CPU
		{B99AD572-C205-0DF6-CE0F-94B0135EEFD6}.Release|x86.Build.0 = Release|Any CPU
		{99F57475-41F5-1C88-5E37-A38BFED0B1B0}.Debug|Any CPU.ActiveCfg = Debug|Any CPU
		{99F57475-41F5-1C88-5E37-A38BFED0B1B0}.Debug|Any CPU.Build.0 = Debug|Any CPU
		{99F57475-41F5-1C88-5E37-A38BFED0B1B0}.Debug|x64.ActiveCfg = Debug|Any CPU
		{99F57475-41F5-1C88-5E37-A38BFED0B1B0}.Debug|x64.Build.0 = Debug|Any CPU
		{99F57475-41F5-1C88-5E37-A38BFED0B1B0}.Debug|x86.ActiveCfg = Debug|Any CPU
		{99F57475-41F5-1C88-5E37-A38BFED0B1B0}.Debug|x86.Build.0 = Debug|Any CPU
		{99F57475-41F5-1C88-5E37-A38BFED0B1B0}.Release|Any CPU.ActiveCfg = Release|Any CPU
		{99F57475-41F5-1C88-5E37-A38BFED0B1B0}.Release|Any CPU.Build.0 = Release|Any CPU
		{99F57475-41F5-1C88-5E37-A38BFED0B1B0}.Release|x64.ActiveCfg = Release|Any CPU
		{99F57475-41F5-1C88-5E37-A38BFED0B1B0}.Release|x64.Build.0 = Release|Any CPU
		{99F57475-41F5-1C88-5E37-A38BFED0B1B0}.Release|x86.ActiveCfg = Release|Any CPU
		{99F57475-41F5-1C88-5E37-A38BFED0B1B0}.Release|x86.Build.0 = Release|Any CPU
		{C7F3C0A3-A14E-234C-B38C-6427C298AB02}.Debug|Any CPU.ActiveCfg = Debug|Any CPU
		{C7F3C0A3-A14E-234C-B38C-6427C298AB02}.Debug|Any CPU.Build.0 = Debug|Any CPU
		{C7F3C0A3-A14E-234C-B38C-6427C298AB02}.Debug|x64.ActiveCfg = Debug|Any CPU
		{C7F3C0A3-A14E-234C-B38C-6427C298AB02}.Debug|x64.Build.0 = Debug|Any CPU
		{C7F3C0A3-A14E-234C-B38C-6427C298AB02}.Debug|x86.ActiveCfg = Debug|Any CPU
		{C7F3C0A3-A14E-234C-B38C-6427C298AB02}.Debug|x86.Build.0 = Debug|Any CPU
		{C7F3C0A3-A14E-234C-B38C-6427C298AB02}.Release|Any CPU.ActiveCfg = Release|Any CPU
		{C7F3C0A3-A14E-234C-B38C-6427C298AB02}.Release|Any CPU.Build.0 = Release|Any CPU
		{C7F3C0A3-A14E-234C-B38C-6427C298AB02}.Release|x64.ActiveCfg = Release|Any CPU
		{C7F3C0A3-A14E-234C-B38C-6427C298AB02}.Release|x64.Build.0 = Release|Any CPU
		{C7F3C0A3-A14E-234C-B38C-6427C298AB02}.Release|x86.ActiveCfg = Release|Any CPU
		{C7F3C0A3-A14E-234C-B38C-6427C298AB02}.Release|x86.Build.0 = Release|Any CPU
		{3D4A5D94-8711-4747-77A7-117E7AC5C60E}.Debug|Any CPU.ActiveCfg = Debug|Any CPU
		{3D4A5D94-8711-4747-77A7-117E7AC5C60E}.Debug|Any CPU.Build.0 = Debug|Any CPU
		{3D4A5D94-8711-4747-77A7-117E7AC5C60E}.Debug|x64.ActiveCfg = Debug|Any CPU
		{3D4A5D94-8711-4747-77A7-117E7AC5C60E}.Debug|x64.Build.0 = Debug|Any CPU
		{3D4A5D94-8711-4747-77A7-117E7AC5C60E}.Debug|x86.ActiveCfg = Debug|Any CPU
		{3D4A5D94-8711-4747-77A7-117E7AC5C60E}.Debug|x86.Build.0 = Debug|Any CPU
		{3D4A5D94-8711-4747-77A7-117E7AC5C60E}.Release|Any CPU.ActiveCfg = Release|Any CPU
		{3D4A5D94-8711-4747-77A7-117E7AC5C60E}.Release|Any CPU.Build.0 = Release|Any CPU
		{3D4A5D94-8711-4747-77A7-117E7AC5C60E}.Release|x64.ActiveCfg = Release|Any CPU
		{3D4A5D94-8711-4747-77A7-117E7AC5C60E}.Release|x64.Build.0 = Release|Any CPU
		{3D4A5D94-8711-4747-77A7-117E7AC5C60E}.Release|x86.ActiveCfg = Release|Any CPU
		{3D4A5D94-8711-4747-77A7-117E7AC5C60E}.Release|x86.Build.0 = Release|Any CPU
		{A73EF228-F30C-B230-4599-3C273BD3E8FB}.Debug|Any CPU.ActiveCfg = Debug|Any CPU
		{A73EF228-F30C-B230-4599-3C273BD3E8FB}.Debug|Any CPU.Build.0 = Debug|Any CPU
		{A73EF228-F30C-B230-4599-3C273BD3E8FB}.Debug|x64.ActiveCfg = Debug|Any CPU
		{A73EF228-F30C-B230-4599-3C273BD3E8FB}.Debug|x64.Build.0 = Debug|Any CPU
		{A73EF228-F30C-B230-4599-3C273BD3E8FB}.Debug|x86.ActiveCfg = Debug|Any CPU
		{A73EF228-F30C-B230-4599-3C273BD3E8FB}.Debug|x86.Build.0 = Debug|Any CPU
		{A73EF228-F30C-B230-4599-3C273BD3E8FB}.Release|Any CPU.ActiveCfg = Release|Any CPU
		{A73EF228-F30C-B230-4599-3C273BD3E8FB}.Release|Any CPU.Build.0 = Release|Any CPU
		{A73EF228-F30C-B230-4599-3C273BD3E8FB}.Release|x64.ActiveCfg = Release|Any CPU
		{A73EF228-F30C-B230-4599-3C273BD3E8FB}.Release|x64.Build.0 = Release|Any CPU
		{A73EF228-F30C-B230-4599-3C273BD3E8FB}.Release|x86.ActiveCfg = Release|Any CPU
		{A73EF228-F30C-B230-4599-3C273BD3E8FB}.Release|x86.Build.0 = Release|Any CPU
		{4EA0680E-3EF3-4EAA-8427-99077D92B2C9}.Debug|Any CPU.ActiveCfg = Debug|Any CPU
		{4EA0680E-3EF3-4EAA-8427-99077D92B2C9}.Debug|Any CPU.Build.0 = Debug|Any CPU
		{4EA0680E-3EF3-4EAA-8427-99077D92B2C9}.Debug|x64.ActiveCfg = Debug|Any CPU
		{4EA0680E-3EF3-4EAA-8427-99077D92B2C9}.Debug|x64.Build.0 = Debug|Any CPU
		{4EA0680E-3EF3-4EAA-8427-99077D92B2C9}.Debug|x86.ActiveCfg = Debug|Any CPU
		{4EA0680E-3EF3-4EAA-8427-99077D92B2C9}.Debug|x86.Build.0 = Debug|Any CPU
		{4EA0680E-3EF3-4EAA-8427-99077D92B2C9}.Release|Any CPU.ActiveCfg = Release|Any CPU
		{4EA0680E-3EF3-4EAA-8427-99077D92B2C9}.Release|Any CPU.Build.0 = Release|Any CPU
		{4EA0680E-3EF3-4EAA-8427-99077D92B2C9}.Release|x64.ActiveCfg = Release|Any CPU
		{4EA0680E-3EF3-4EAA-8427-99077D92B2C9}.Release|x64.Build.0 = Release|Any CPU
		{4EA0680E-3EF3-4EAA-8427-99077D92B2C9}.Release|x86.ActiveCfg = Release|Any CPU
		{4EA0680E-3EF3-4EAA-8427-99077D92B2C9}.Release|x86.Build.0 = Release|Any CPU
		{8B779CFE-C4A2-452E-8834-6DF08BF3815B}.Debug|Any CPU.ActiveCfg = Debug|Any CPU
		{8B779CFE-C4A2-452E-8834-6DF08BF3815B}.Debug|Any CPU.Build.0 = Debug|Any CPU
		{8B779CFE-C4A2-452E-8834-6DF08BF3815B}.Debug|x64.ActiveCfg = Debug|Any CPU
		{8B779CFE-C4A2-452E-8834-6DF08BF3815B}.Debug|x64.Build.0 = Debug|Any CPU
		{8B779CFE-C4A2-452E-8834-6DF08BF3815B}.Debug|x86.ActiveCfg = Debug|Any CPU
		{8B779CFE-C4A2-452E-8834-6DF08BF3815B}.Debug|x86.Build.0 = Debug|Any CPU
		{8B779CFE-C4A2-452E-8834-6DF08BF3815B}.Release|Any CPU.ActiveCfg = Release|Any CPU
		{8B779CFE-C4A2-452E-8834-6DF08BF3815B}.Release|Any CPU.Build.0 = Release|Any CPU
		{8B779CFE-C4A2-452E-8834-6DF08BF3815B}.Release|x64.ActiveCfg = Release|Any CPU
		{8B779CFE-C4A2-452E-8834-6DF08BF3815B}.Release|x64.Build.0 = Release|Any CPU
		{8B779CFE-C4A2-452E-8834-6DF08BF3815B}.Release|x86.ActiveCfg = Release|Any CPU
		{8B779CFE-C4A2-452E-8834-6DF08BF3815B}.Release|x86.Build.0 = Release|Any CPU
		{E1A830A5-9EDB-4203-B4EB-C3CF290775DF}.Debug|Any CPU.ActiveCfg = Debug|Any CPU
		{E1A830A5-9EDB-4203-B4EB-C3CF290775DF}.Debug|Any CPU.Build.0 = Debug|Any CPU
		{E1A830A5-9EDB-4203-B4EB-C3CF290775DF}.Debug|x64.ActiveCfg = Debug|Any CPU
		{E1A830A5-9EDB-4203-B4EB-C3CF290775DF}.Debug|x64.Build.0 = Debug|Any CPU
		{E1A830A5-9EDB-4203-B4EB-C3CF290775DF}.Debug|x86.ActiveCfg = Debug|Any CPU
		{E1A830A5-9EDB-4203-B4EB-C3CF290775DF}.Debug|x86.Build.0 = Debug|Any CPU
		{E1A830A5-9EDB-4203-B4EB-C3CF290775DF}.Release|Any CPU.ActiveCfg = Release|Any CPU
		{E1A830A5-9EDB-4203-B4EB-C3CF290775DF}.Release|Any CPU.Build.0 = Release|Any CPU
		{E1A830A5-9EDB-4203-B4EB-C3CF290775DF}.Release|x64.ActiveCfg = Release|Any CPU
		{E1A830A5-9EDB-4203-B4EB-C3CF290775DF}.Release|x64.Build.0 = Release|Any CPU
		{E1A830A5-9EDB-4203-B4EB-C3CF290775DF}.Release|x86.ActiveCfg = Release|Any CPU
		{E1A830A5-9EDB-4203-B4EB-C3CF290775DF}.Release|x86.Build.0 = Release|Any CPU
		{A498B604-95EB-4CF7-BA4B-991DF732570F}.Debug|Any CPU.ActiveCfg = Debug|Any CPU
		{A498B604-95EB-4CF7-BA4B-991DF732570F}.Debug|Any CPU.Build.0 = Debug|Any CPU
		{A498B604-95EB-4CF7-BA4B-991DF732570F}.Debug|x64.ActiveCfg = Debug|Any CPU
		{A498B604-95EB-4CF7-BA4B-991DF732570F}.Debug|x64.Build.0 = Debug|Any CPU
		{A498B604-95EB-4CF7-BA4B-991DF732570F}.Debug|x86.ActiveCfg = Debug|Any CPU
		{A498B604-95EB-4CF7-BA4B-991DF732570F}.Debug|x86.Build.0 = Debug|Any CPU
		{A498B604-95EB-4CF7-BA4B-991DF732570F}.Release|Any CPU.ActiveCfg = Release|Any CPU
		{A498B604-95EB-4CF7-BA4B-991DF732570F}.Release|Any CPU.Build.0 = Release|Any CPU
		{A498B604-95EB-4CF7-BA4B-991DF732570F}.Release|x64.ActiveCfg = Release|Any CPU
		{A498B604-95EB-4CF7-BA4B-991DF732570F}.Release|x64.Build.0 = Release|Any CPU
		{A498B604-95EB-4CF7-BA4B-991DF732570F}.Release|x86.ActiveCfg = Release|Any CPU
		{A498B604-95EB-4CF7-BA4B-991DF732570F}.Release|x86.Build.0 = Release|Any CPU
		{47CDE35C-032F-4030-8E71-1F6DA0FD517F}.Debug|Any CPU.ActiveCfg = Debug|Any CPU
		{47CDE35C-032F-4030-8E71-1F6DA0FD517F}.Debug|Any CPU.Build.0 = Debug|Any CPU
		{47CDE35C-032F-4030-8E71-1F6DA0FD517F}.Debug|x64.ActiveCfg = Debug|Any CPU
		{47CDE35C-032F-4030-8E71-1F6DA0FD517F}.Debug|x64.Build.0 = Debug|Any CPU
		{47CDE35C-032F-4030-8E71-1F6DA0FD517F}.Debug|x86.ActiveCfg = Debug|Any CPU
		{47CDE35C-032F-4030-8E71-1F6DA0FD517F}.Debug|x86.Build.0 = Debug|Any CPU
		{47CDE35C-032F-4030-8E71-1F6DA0FD517F}.Release|Any CPU.ActiveCfg = Release|Any CPU
		{47CDE35C-032F-4030-8E71-1F6DA0FD517F}.Release|Any CPU.Build.0 = Release|Any CPU
		{47CDE35C-032F-4030-8E71-1F6DA0FD517F}.Release|x64.ActiveCfg = Release|Any CPU
		{47CDE35C-032F-4030-8E71-1F6DA0FD517F}.Release|x64.Build.0 = Release|Any CPU
		{47CDE35C-032F-4030-8E71-1F6DA0FD517F}.Release|x86.ActiveCfg = Release|Any CPU
		{47CDE35C-032F-4030-8E71-1F6DA0FD517F}.Release|x86.Build.0 = Release|Any CPU
		{4C29422A-9CD1-4072-8B86-4BB74907EB7D}.Debug|Any CPU.ActiveCfg = Debug|Any CPU
		{4C29422A-9CD1-4072-8B86-4BB74907EB7D}.Debug|Any CPU.Build.0 = Debug|Any CPU
		{4C29422A-9CD1-4072-8B86-4BB74907EB7D}.Debug|x64.ActiveCfg = Debug|Any CPU
		{4C29422A-9CD1-4072-8B86-4BB74907EB7D}.Debug|x64.Build.0 = Debug|Any CPU
		{4C29422A-9CD1-4072-8B86-4BB74907EB7D}.Debug|x86.ActiveCfg = Debug|Any CPU
		{4C29422A-9CD1-4072-8B86-4BB74907EB7D}.Debug|x86.Build.0 = Debug|Any CPU
		{4C29422A-9CD1-4072-8B86-4BB74907EB7D}.Release|Any CPU.ActiveCfg = Release|Any CPU
		{4C29422A-9CD1-4072-8B86-4BB74907EB7D}.Release|Any CPU.Build.0 = Release|Any CPU
		{4C29422A-9CD1-4072-8B86-4BB74907EB7D}.Release|x64.ActiveCfg = Release|Any CPU
		{4C29422A-9CD1-4072-8B86-4BB74907EB7D}.Release|x64.Build.0 = Release|Any CPU
		{4C29422A-9CD1-4072-8B86-4BB74907EB7D}.Release|x86.ActiveCfg = Release|Any CPU
		{4C29422A-9CD1-4072-8B86-4BB74907EB7D}.Release|x86.Build.0 = Release|Any CPU
		{EC87066B-CD4F-4985-B3E9-217F729F6956}.Debug|Any CPU.ActiveCfg = Debug|Any CPU
		{EC87066B-CD4F-4985-B3E9-217F729F6956}.Debug|Any CPU.Build.0 = Debug|Any CPU
		{EC87066B-CD4F-4985-B3E9-217F729F6956}.Debug|x64.ActiveCfg = Debug|Any CPU
		{EC87066B-CD4F-4985-B3E9-217F729F6956}.Debug|x64.Build.0 = Debug|Any CPU
		{EC87066B-CD4F-4985-B3E9-217F729F6956}.Debug|x86.ActiveCfg = Debug|Any CPU
		{EC87066B-CD4F-4985-B3E9-217F729F6956}.Debug|x86.Build.0 = Debug|Any CPU
		{EC87066B-CD4F-4985-B3E9-217F729F6956}.Release|Any CPU.ActiveCfg = Release|Any CPU
		{EC87066B-CD4F-4985-B3E9-217F729F6956}.Release|Any CPU.Build.0 = Release|Any CPU
		{EC87066B-CD4F-4985-B3E9-217F729F6956}.Release|x64.ActiveCfg = Release|Any CPU
		{EC87066B-CD4F-4985-B3E9-217F729F6956}.Release|x64.Build.0 = Release|Any CPU
		{EC87066B-CD4F-4985-B3E9-217F729F6956}.Release|x86.ActiveCfg = Release|Any CPU
		{EC87066B-CD4F-4985-B3E9-217F729F6956}.Release|x86.Build.0 = Release|Any CPU
		{53846919-9CB2-474B-B73D-2172AA731E74}.Debug|Any CPU.ActiveCfg = Debug|Any CPU
		{53846919-9CB2-474B-B73D-2172AA731E74}.Debug|Any CPU.Build.0 = Debug|Any CPU
		{53846919-9CB2-474B-B73D-2172AA731E74}.Debug|x64.ActiveCfg = Debug|Any CPU
		{53846919-9CB2-474B-B73D-2172AA731E74}.Debug|x64.Build.0 = Debug|Any CPU
		{53846919-9CB2-474B-B73D-2172AA731E74}.Debug|x86.ActiveCfg = Debug|Any CPU
		{53846919-9CB2-474B-B73D-2172AA731E74}.Debug|x86.Build.0 = Debug|Any CPU
		{53846919-9CB2-474B-B73D-2172AA731E74}.Release|Any CPU.ActiveCfg = Release|Any CPU
		{53846919-9CB2-474B-B73D-2172AA731E74}.Release|Any CPU.Build.0 = Release|Any CPU
		{53846919-9CB2-474B-B73D-2172AA731E74}.Release|x64.ActiveCfg = Release|Any CPU
		{53846919-9CB2-474B-B73D-2172AA731E74}.Release|x64.Build.0 = Release|Any CPU
		{53846919-9CB2-474B-B73D-2172AA731E74}.Release|x86.ActiveCfg = Release|Any CPU
		{53846919-9CB2-474B-B73D-2172AA731E74}.Release|x86.Build.0 = Release|Any CPU
		{5E824703-EBCA-4D5B-82E7-B2753F407CDD}.Debug|Any CPU.ActiveCfg = Debug|Any CPU
		{5E824703-EBCA-4D5B-82E7-B2753F407CDD}.Debug|Any CPU.Build.0 = Debug|Any CPU
		{5E824703-EBCA-4D5B-82E7-B2753F407CDD}.Debug|x64.ActiveCfg = Debug|Any CPU
		{5E824703-EBCA-4D5B-82E7-B2753F407CDD}.Debug|x64.Build.0 = Debug|Any CPU
		{5E824703-EBCA-4D5B-82E7-B2753F407CDD}.Debug|x86.ActiveCfg = Debug|Any CPU
		{5E824703-EBCA-4D5B-82E7-B2753F407CDD}.Debug|x86.Build.0 = Debug|Any CPU
		{5E824703-EBCA-4D5B-82E7-B2753F407CDD}.Release|Any CPU.ActiveCfg = Release|Any CPU
		{5E824703-EBCA-4D5B-82E7-B2753F407CDD}.Release|Any CPU.Build.0 = Release|Any CPU
		{5E824703-EBCA-4D5B-82E7-B2753F407CDD}.Release|x64.ActiveCfg = Release|Any CPU
		{5E824703-EBCA-4D5B-82E7-B2753F407CDD}.Release|x64.Build.0 = Release|Any CPU
		{5E824703-EBCA-4D5B-82E7-B2753F407CDD}.Release|x86.ActiveCfg = Release|Any CPU
		{5E824703-EBCA-4D5B-82E7-B2753F407CDD}.Release|x86.Build.0 = Release|Any CPU
	EndGlobalSection
	GlobalSection(SolutionProperties) = preSolution
		HideSolutionNode = FALSE
	EndGlobalSection
	GlobalSection(NestedProjects) = preSolution
		{3E8A5ADF-7BAB-76F1-5C32-6C9696C8B949} = {827E0CD3-B72D-47B6-A68D-7590B98EB39B}
		{B99AD572-C205-0DF6-CE0F-94B0135EEFD6} = {827E0CD3-B72D-47B6-A68D-7590B98EB39B}
		{99F57475-41F5-1C88-5E37-A38BFED0B1B0} = {827E0CD3-B72D-47B6-A68D-7590B98EB39B}
		{C7F3C0A3-A14E-234C-B38C-6427C298AB02} = {827E0CD3-B72D-47B6-A68D-7590B98EB39B}
		{3D4A5D94-8711-4747-77A7-117E7AC5C60E} = {0AB3BF05-4346-4AA6-1389-037BE0695223}
		{A73EF228-F30C-B230-4599-3C273BD3E8FB} = {827E0CD3-B72D-47B6-A68D-7590B98EB39B}
		{4EA0680E-3EF3-4EAA-8427-99077D92B2C9} = {827E0CD3-B72D-47B6-A68D-7590B98EB39B}
		{8B779CFE-C4A2-452E-8834-6DF08BF3815B} = {827E0CD3-B72D-47B6-A68D-7590B98EB39B}
		{E1A830A5-9EDB-4203-B4EB-C3CF290775DF} = {827E0CD3-B72D-47B6-A68D-7590B98EB39B}
		{A498B604-95EB-4CF7-BA4B-991DF732570F} = {827E0CD3-B72D-47B6-A68D-7590B98EB39B}
		{47CDE35C-032F-4030-8E71-1F6DA0FD517F} = {0AB3BF05-4346-4AA6-1389-037BE0695223}
		{4C29422A-9CD1-4072-8B86-4BB74907EB7D} = {827E0CD3-B72D-47B6-A68D-7590B98EB39B}
		{EC87066B-CD4F-4985-B3E9-217F729F6956} = {827E0CD3-B72D-47B6-A68D-7590B98EB39B}
		{53846919-9CB2-474B-B73D-2172AA731E74} = {827E0CD3-B72D-47B6-A68D-7590B98EB39B}
		{5E824703-EBCA-4D5B-82E7-B2753F407CDD} = {827E0CD3-B72D-47B6-A68D-7590B98EB39B}
	EndGlobalSection
	GlobalSection(ExtensibilityGlobals) = postSolution
		SolutionGuid = {D30C2D96-E7D2-4425-9855-F69ADB83DCBF}
	EndGlobalSection
EndGlobal
